
Microsoft Visual Studio Solution File, Format Version 12.00
# Visual Studio 15
VisualStudioVersion = 15.0.27004.2006
MinimumVisualStudioVersion = 10.0.40219.1
Project("{FAE04EC0-301F-11D3-BF4B-00C04F79EFBC}") = "TesteAutomatizado", "TesteAutomatizado\TesteAutomatizado.csproj", "{C83EDFD9-8B14-4F87-B1F9-38C9010CB93B}"
EndProject
Global
	GlobalSection(SolutionConfigurationPlatforms) = preSolution
		Debug|Any CPU = Debug|Any CPU
		Release|Any CPU = Release|Any CPU
	EndGlobalSection
	GlobalSection(ProjectConfigurationPlatforms) = postSolution
		{C83EDFD9-8B14-4F87-B1F9-38C9010CB93B}.Debug|Any CPU.ActiveCfg = Debug|Any CPU
		{C83EDFD9-8B14-4F87-B1F9-38C9010CB93B}.Debug|Any CPU.Build.0 = Debug|Any CPU
		{C83EDFD9-8B14-4F87-B1F9-38C9010CB93B}.Release|Any CPU.ActiveCfg = Release|Any CPU
		{C83EDFD9-8B14-4F87-B1F9-38C9010CB93B}.Release|Any CPU.Build.0 = Release|Any CPU
	EndGlobalSection
	GlobalSection(SolutionProperties) = preSolution
		HideSolutionNode = FALSE
	EndGlobalSection
	GlobalSection(ExtensibilityGlobals) = postSolution
		SolutionGuid = {5A669CBF-8F19-480C-BAA1-3416ED69EECC}
	EndGlobalSection
EndGlobal
